// !$*UTF8*$!
{
	archiveVersion = 1;
	classes = {
	};
	objectVersion = 46;
	objects = {

/* Begin PBXBuildFile section */
		2843293A17E20F3600213E2F /* UIKit.framework in Frameworks */ = {isa = PBXBuildFile; fileRef = 2843293917E20F3600213E2F /* UIKit.framework */; };
		2843293C17E20F3600213E2F /* Foundation.framework in Frameworks */ = {isa = PBXBuildFile; fileRef = 2843293B17E20F3600213E2F /* Foundation.framework */; };
		2843293E17E20F3600213E2F /* CoreGraphics.framework in Frameworks */ = {isa = PBXBuildFile; fileRef = 2843293D17E20F3600213E2F /* CoreGraphics.framework */; };
		2843294417E20F3600213E2F /* InfoPlist.strings in Resources */ = {isa = PBXBuildFile; fileRef = 2843294217E20F3600213E2F /* InfoPlist.strings */; };
		2843294617E20F3600213E2F /* main.m in Sources */ = {isa = PBXBuildFile; fileRef = 2843294517E20F3600213E2F /* main.m */; };
		2843294A17E20F3600213E2F /* AppDelegate.m in Sources */ = {isa = PBXBuildFile; fileRef = 2843294917E20F3600213E2F /* AppDelegate.m */; };
		2843294C17E20F3600213E2F /* Default.png in Resources */ = {isa = PBXBuildFile; fileRef = 2843294B17E20F3600213E2F /* Default.png */; };
		2843294E17E20F3600213E2F /* Default@2x.png in Resources */ = {isa = PBXBuildFile; fileRef = 2843294D17E20F3600213E2F /* Default@2x.png */; };
		2843295017E20F3600213E2F /* Default-568h@2x.png in Resources */ = {isa = PBXBuildFile; fileRef = 2843294F17E20F3600213E2F /* Default-568h@2x.png */; };
		2843295317E20F3600213E2F /* ViewController.m in Sources */ = {isa = PBXBuildFile; fileRef = 2843295217E20F3600213E2F /* ViewController.m */; };
		2843295617E20F3600213E2F /* ViewController.xib in Resources */ = {isa = PBXBuildFile; fileRef = 2843295417E20F3600213E2F /* ViewController.xib */; };
		28C305171816C251006E6EA8 /* UIScrollView+ParallaxEffect.m in Sources */ = {isa = PBXBuildFile; fileRef = 28C305141816C251006E6EA8 /* UIScrollView+ParallaxEffect.m */; };
		28C305181816C251006E6EA8 /* UIView+Util.m in Sources */ = {isa = PBXBuildFile; fileRef = 28C305161816C251006E6EA8 /* UIView+Util.m */; };
		28FC6EDD17E2A1FF00EC68C6 /* bg@2x.png in Resources */ = {isa = PBXBuildFile; fileRef = 28FC6EDC17E2A1FF00EC68C6 /* bg@2x.png */; };
		28FC6EE217E2AFDA00EC68C6 /* DemoViewController.m in Sources */ = {isa = PBXBuildFile; fileRef = 28FC6EE017E2AFDA00EC68C6 /* DemoViewController.m */; };
		28FC6EE317E2AFDA00EC68C6 /* DemoViewController.xib in Resources */ = {isa = PBXBuildFile; fileRef = 28FC6EE117E2AFDA00EC68C6 /* DemoViewController.xib */; };
/* End PBXBuildFile section */

/* Begin PBXFileReference section */
		2843293617E20F3600213E2F /* ParallaxDemo.app */ = {isa = PBXFileReference; explicitFileType = wrapper.application; includeInIndex = 0; path = ParallaxDemo.app; sourceTree = BUILT_PRODUCTS_DIR; };
		2843293917E20F3600213E2F /* UIKit.framework */ = {isa = PBXFileReference; lastKnownFileType = wrapper.framework; name = UIKit.framework; path = System/Library/Frameworks/UIKit.framework; sourceTree = SDKROOT; };
		2843293B17E20F3600213E2F /* Foundation.framework */ = {isa = PBXFileReference; lastKnownFileType = wrapper.framework; name = Foundation.framework; path = System/Library/Frameworks/Foundation.framework; sourceTree = SDKROOT; };
		2843293D17E20F3600213E2F /* CoreGraphics.framework */ = {isa = PBXFileReference; lastKnownFileType = wrapper.framework; name = CoreGraphics.framework; path = System/Library/Frameworks/CoreGraphics.framework; sourceTree = SDKROOT; };
		2843294117E20F3600213E2F /* ParallaxDemo-Info.plist */ = {isa = PBXFileReference; lastKnownFileType = text.plist.xml; path = "ParallaxDemo-Info.plist"; sourceTree = "<group>"; };
		2843294317E20F3600213E2F /* en */ = {isa = PBXFileReference; lastKnownFileType = text.plist.strings; name = en; path = en.lproj/InfoPlist.strings; sourceTree = "<group>"; };
		2843294517E20F3600213E2F /* main.m */ = {isa = PBXFileReference; lastKnownFileType = sourcecode.c.objc; path = main.m; sourceTree = "<group>"; };
		2843294717E20F3600213E2F /* ParallaxDemo-Prefix.pch */ = {isa = PBXFileReference; lastKnownFileType = sourcecode.c.h; path = "ParallaxDemo-Prefix.pch"; sourceTree = "<group>"; };
		2843294817E20F3600213E2F /* AppDelegate.h */ = {isa = PBXFileReference; lastKnownFileType = sourcecode.c.h; path = AppDelegate.h; sourceTree = "<group>"; };
		2843294917E20F3600213E2F /* AppDelegate.m */ = {isa = PBXFileReference; lastKnownFileType = sourcecode.c.objc; path = AppDelegate.m; sourceTree = "<group>"; };
		2843294B17E20F3600213E2F /* Default.png */ = {isa = PBXFileReference; lastKnownFileType = image.png; path = Default.png; sourceTree = "<group>"; };
		2843294D17E20F3600213E2F /* Default@2x.png */ = {isa = PBXFileReference; lastKnownFileType = image.png; path = "Default@2x.png"; sourceTree = "<group>"; };
		2843294F17E20F3600213E2F /* Default-568h@2x.png */ = {isa = PBXFileReference; lastKnownFileType = image.png; path = "Default-568h@2x.png"; sourceTree = "<group>"; };
		2843295117E20F3600213E2F /* ViewController.h */ = {isa = PBXFileReference; lastKnownFileType = sourcecode.c.h; path = ViewController.h; sourceTree = "<group>"; };
		2843295217E20F3600213E2F /* ViewController.m */ = {isa = PBXFileReference; lastKnownFileType = sourcecode.c.objc; path = ViewController.m; sourceTree = "<group>"; };
		2843295517E20F3600213E2F /* en */ = {isa = PBXFileReference; lastKnownFileType = file.xib; name = en; path = en.lproj/ViewController.xib; sourceTree = "<group>"; };
		28C305121816C251006E6EA8 /* CategoryPropertyUtil.h */ = {isa = PBXFileReference; fileEncoding = 4; lastKnownFileType = sourcecode.c.h; path = CategoryPropertyUtil.h; sourceTree = "<group>"; };
		28C305131816C251006E6EA8 /* UIScrollView+ParallaxEffect.h */ = {isa = PBXFileReference; fileEncoding = 4; lastKnownFileType = sourcecode.c.h; path = "UIScrollView+ParallaxEffect.h"; sourceTree = "<group>"; };
		28C305141816C251006E6EA8 /* UIScrollView+ParallaxEffect.m */ = {isa = PBXFileReference; fileEncoding = 4; lastKnownFileType = sourcecode.c.objc; path = "UIScrollView+ParallaxEffect.m"; sourceTree = "<group>"; };
		28C305151816C251006E6EA8 /* UIView+Util.h */ = {isa = PBXFileReference; fileEncoding = 4; lastKnownFileType = sourcecode.c.h; path = "UIView+Util.h"; sourceTree = "<group>"; };
		28C305161816C251006E6EA8 /* UIView+Util.m */ = {isa = PBXFileReference; fileEncoding = 4; lastKnownFileType = sourcecode.c.objc; path = "UIView+Util.m"; sourceTree = "<group>"; };
		28FC6EDC17E2A1FF00EC68C6 /* bg@2x.png */ = {isa = PBXFileReference; lastKnownFileType = image.png; path = "bg@2x.png"; sourceTree = "<group>"; };
		28FC6EDF17E2AFDA00EC68C6 /* DemoViewController.h */ = {isa = PBXFileReference; fileEncoding = 4; lastKnownFileType = sourcecode.c.h; path = DemoViewController.h; sourceTree = "<group>"; };
		28FC6EE017E2AFDA00EC68C6 /* DemoViewController.m */ = {isa = PBXFileReference; fileEncoding = 4; lastKnownFileType = sourcecode.c.objc; path = DemoViewController.m; sourceTree = "<group>"; };
		28FC6EE117E2AFDA00EC68C6 /* DemoViewController.xib */ = {isa = PBXFileReference; fileEncoding = 4; lastKnownFileType = file.xib; path = DemoViewController.xib; sourceTree = "<group>"; };
/* End PBXFileReference section */

/* Begin PBXFrameworksBuildPhase section */
		2843293317E20F3600213E2F /* Frameworks */ = {
			isa = PBXFrameworksBuildPhase;
			buildActionMask = 2147483647;
			files = (
				2843293A17E20F3600213E2F /* UIKit.framework in Frameworks */,
				2843293C17E20F3600213E2F /* Foundation.framework in Frameworks */,
				2843293E17E20F3600213E2F /* CoreGraphics.framework in Frameworks */,
			);
			runOnlyForDeploymentPostprocessing = 0;
		};
/* End PBXFrameworksBuildPhase section */

/* Begin PBXGroup section */
		2843292D17E20F3600213E2F = {
			isa = PBXGroup;
			children = (
				28C305111816C251006E6EA8 /* NTParallaxView */,
				2843293F17E20F3600213E2F /* ParallaxDemo */,
				2843293817E20F3600213E2F /* Frameworks */,
				2843293717E20F3600213E2F /* Products */,
			);
			sourceTree = "<group>";
		};
		2843293717E20F3600213E2F /* Products */ = {
			isa = PBXGroup;
			children = (
				2843293617E20F3600213E2F /* ParallaxDemo.app */,
			);
			name = Products;
			sourceTree = "<group>";
		};
		2843293817E20F3600213E2F /* Frameworks */ = {
			isa = PBXGroup;
			children = (
				2843293917E20F3600213E2F /* UIKit.framework */,
				2843293B17E20F3600213E2F /* Foundation.framework */,
				2843293D17E20F3600213E2F /* CoreGraphics.framework */,
			);
			name = Frameworks;
			sourceTree = "<group>";
		};
		2843293F17E20F3600213E2F /* ParallaxDemo */ = {
			isa = PBXGroup;
			children = (
				2843294817E20F3600213E2F /* AppDelegate.h */,
				2843294917E20F3600213E2F /* AppDelegate.m */,
				28FC6EDE17E2AFBB00EC68C6 /* Demo */,
				2843294017E20F3600213E2F /* Supporting Files */,
			);
			path = ParallaxDemo;
			sourceTree = "<group>";
		};
		2843294017E20F3600213E2F /* Supporting Files */ = {
			isa = PBXGroup;
			children = (
				28FC6EDC17E2A1FF00EC68C6 /* bg@2x.png */,
				2843294117E20F3600213E2F /* ParallaxDemo-Info.plist */,
				2843294217E20F3600213E2F /* InfoPlist.strings */,
				2843294517E20F3600213E2F /* main.m */,
				2843294717E20F3600213E2F /* ParallaxDemo-Prefix.pch */,
				2843294B17E20F3600213E2F /* Default.png */,
				2843294D17E20F3600213E2F /* Default@2x.png */,
				2843294F17E20F3600213E2F /* Default-568h@2x.png */,
			);
			name = "Supporting Files";
			sourceTree = "<group>";
		};
		28C305111816C251006E6EA8 /* NTParallaxView */ = {
			isa = PBXGroup;
			children = (
				28C305121816C251006E6EA8 /* CategoryPropertyUtil.h */,
				28C305131816C251006E6EA8 /* UIScrollView+ParallaxEffect.h */,
				28C305141816C251006E6EA8 /* UIScrollView+ParallaxEffect.m */,
				28C305151816C251006E6EA8 /* UIView+Util.h */,
				28C305161816C251006E6EA8 /* UIView+Util.m */,
			);
			name = NTParallaxView;
			path = ParallaxDemo/NTParallaxView;
			sourceTree = "<group>";
		};
		28FC6EDE17E2AFBB00EC68C6 /* Demo */ = {
			isa = PBXGroup;
			children = (
				2843295117E20F3600213E2F /* ViewController.h */,
				2843295217E20F3600213E2F /* ViewController.m */,
				2843295417E20F3600213E2F /* ViewController.xib */,
				28FC6EDF17E2AFDA00EC68C6 /* DemoViewController.h */,
				28FC6EE017E2AFDA00EC68C6 /* DemoViewController.m */,
				28FC6EE117E2AFDA00EC68C6 /* DemoViewController.xib */,
			);
			name = Demo;
			sourceTree = "<group>";
		};
/* End PBXGroup section */

/* Begin PBXNativeTarget section */
		2843293517E20F3600213E2F /* ParallaxDemo */ = {
			isa = PBXNativeTarget;
			buildConfigurationList = 2843295917E20F3600213E2F /* Build configuration list for PBXNativeTarget "ParallaxDemo" */;
			buildPhases = (
				2843293217E20F3600213E2F /* Sources */,
				2843293317E20F3600213E2F /* Frameworks */,
				2843293417E20F3600213E2F /* Resources */,
			);
			buildRules = (
			);
			dependencies = (
			);
			name = ParallaxDemo;
			productName = ParallaxDemo;
			productReference = 2843293617E20F3600213E2F /* ParallaxDemo.app */;
			productType = "com.apple.product-type.application";
		};
/* End PBXNativeTarget section */

/* Begin PBXProject section */
		2843292E17E20F3600213E2F /* Project object */ = {
			isa = PBXProject;
			attributes = {
				LastUpgradeCheck = 0460;
				ORGANIZATIONNAME = demonNico;
			};
			buildConfigurationList = 2843293117E20F3600213E2F /* Build configuration list for PBXProject "ParallaxDemo" */;
			compatibilityVersion = "Xcode 3.2";
			developmentRegion = English;
			hasScannedForEncodings = 0;
			knownRegions = (
				en,
			);
			mainGroup = 2843292D17E20F3600213E2F;
			productRefGroup = 2843293717E20F3600213E2F /* Products */;
			projectDirPath = "";
			projectRoot = "";
			targets = (
				2843293517E20F3600213E2F /* ParallaxDemo */,
			);
		};
/* End PBXProject section */

/* Begin PBXResourcesBuildPhase section */
		2843293417E20F3600213E2F /* Resources */ = {
			isa = PBXResourcesBuildPhase;
			buildActionMask = 2147483647;
			files = (
				2843294417E20F3600213E2F /* InfoPlist.strings in Resources */,
				2843294C17E20F3600213E2F /* Default.png in Resources */,
				2843294E17E20F3600213E2F /* Default@2x.png in Resources */,
				2843295017E20F3600213E2F /* Default-568h@2x.png in Resources */,
				2843295617E20F3600213E2F /* ViewController.xib in Resources */,
				28FC6EDD17E2A1FF00EC68C6 /* bg@2x.png in Resources */,
				28FC6EE317E2AFDA00EC68C6 /* DemoViewController.xib in Resources */,
			);
			runOnlyForDeploymentPostprocessing = 0;
		};
/* End PBXResourcesBuildPhase section */

/* Begin PBXSourcesBuildPhase section */
		2843293217E20F3600213E2F /* Sources */ = {
			isa = PBXSourcesBuildPhase;
			buildActionMask = 2147483647;
			files = (
				2843294617E20F3600213E2F /* main.m in Sources */,
				2843294A17E20F3600213E2F /* AppDelegate.m in Sources */,
				2843295317E20F3600213E2F /* ViewController.m in Sources */,
				28FC6EE217E2AFDA00EC68C6 /* DemoViewController.m in Sources */,
				28C305171816C251006E6EA8 /* UIScrollView+ParallaxEffect.m in Sources */,
				28C305181816C251006E6EA8 /* UIView+Util.m in Sources */,
			);
			runOnlyForDeploymentPostprocessing = 0;
		};
/* End PBXSourcesBuildPhase section */

/* Begin PBXVariantGroup section */
		2843294217E20F3600213E2F /* InfoPlist.strings */ = {
			isa = PBXVariantGroup;
			children = (
				2843294317E20F3600213E2F /* en */,
			);
			name = InfoPlist.strings;
			sourceTree = "<group>";
		};
		2843295417E20F3600213E2F /* ViewController.xib */ = {
			isa = PBXVariantGroup;
			children = (
				2843295517E20F3600213E2F /* en */,
			);
			name = ViewController.xib;
			sourceTree = "<group>";
		};
/* End PBXVariantGroup section */

/* Begin XCBuildConfiguration section */
		2843295717E20F3600213E2F /* Debug */ = {
			isa = XCBuildConfiguration;
			buildSettings = {
				ALWAYS_SEARCH_USER_PATHS = NO;
				CLANG_CXX_LANGUAGE_STANDARD = "gnu++0x";
				CLANG_CXX_LIBRARY = "libc++";
				CLANG_ENABLE_OBJC_ARC = YES;
				CLANG_WARN_CONSTANT_CONVERSION = YES;
				CLANG_WARN_EMPTY_BODY = YES;
				CLANG_WARN_ENUM_CONVERSION = YES;
				CLANG_WARN_INT_CONVERSION = YES;
				CLANG_WARN__DUPLICATE_METHOD_MATCH = YES;
				"CODE_SIGN_IDENTITY[sdk=iphoneos*]" = "iPhone Developer";
				COPY_PHASE_STRIP = NO;
				GCC_C_LANGUAGE_STANDARD = gnu99;
				GCC_DYNAMIC_NO_PIC = NO;
				GCC_OPTIMIZATION_LEVEL = 0;
				GCC_PREPROCESSOR_DEFINITIONS = (
					"DEBUG=1",
					"$(inherited)",
				);
				GCC_SYMBOLS_PRIVATE_EXTERN = NO;
				GCC_WARN_ABOUT_RETURN_TYPE = YES;
				GCC_WARN_UNINITIALIZED_AUTOS = YES;
				GCC_WARN_UNUSED_VARIABLE = YES;
				IPHONEOS_DEPLOYMENT_TARGET = 6.1;
				ONLY_ACTIVE_ARCH = YES;
				SDKROOT = iphoneos;
			};
			name = Debug;
		};
		2843295817E20F3600213E2F /* Release */ = {
			isa = XCBuildConfiguration;
			buildSettings = {
				ALWAYS_SEARCH_USER_PATHS = NO;
				CLANG_CXX_LANGUAGE_STANDARD = "gnu++0x";
				CLANG_CXX_LIBRARY = "libc++";
				CLANG_ENABLE_OBJC_ARC = YES;
				CLANG_WARN_CONSTANT_CONVERSION = YES;
				CLANG_WARN_EMPTY_BODY = YES;
				CLANG_WARN_ENUM_CONVERSION = YES;
				CLANG_WARN_INT_CONVERSION = YES;
				CLANG_WARN__DUPLICATE_METHOD_MATCH = YES;
				"CODE_SIGN_IDENTITY[sdk=iphoneos*]" = "iPhone Developer";
				COPY_PHASE_STRIP = YES;
				GCC_C_LANGUAGE_STANDARD = gnu99;
				GCC_WARN_ABOUT_RETURN_TYPE = YES;
				GCC_WARN_UNINITIALIZED_AUTOS = YES;
				GCC_WARN_UNUSED_VARIABLE = YES;
				IPHONEOS_DEPLOYMENT_TARGET = 6.1;
				OTHER_CFLAGS = "-DNS_BLOCK_ASSERTIONS=1";
				SDKROOT = iphoneos;
				VALIDATE_PRODUCT = YES;
			};
			name = Release;
		};
		2843295A17E20F3600213E2F /* Debug */ = {
			isa = XCBuildConfiguration;
			buildSettings = {
				GCC_PRECOMPILE_PREFIX_HEADER = YES;
				GCC_PREFIX_HEADER = "ParallaxDemo/ParallaxDemo-Prefix.pch";
				INFOPLIST_FILE = "ParallaxDemo/ParallaxDemo-Info.plist";
				IPHONEOS_DEPLOYMENT_TARGET = 6.1;
				PRODUCT_NAME = "$(TARGET_NAME)";
				WRAPPER_EXTENSION = app;
			};
			name = Debug;
		};
		2843295B17E20F3600213E2F /* Release */ = {
			isa = XCBuildConfiguration;
			buildSettings = {
				GCC_PRECOMPILE_PREFIX_HEADER = YES;
				GCC_PREFIX_HEADER = "ParallaxDemo/ParallaxDemo-Prefix.pch";
				INFOPLIST_FILE = "ParallaxDemo/ParallaxDemo-Info.plist";
				IPHONEOS_DEPLOYMENT_TARGET = 6.1;
				PRODUCT_NAME = "$(TARGET_NAME)";
				WRAPPER_EXTENSION = app;
			};
			name = Release;
		};
/* End XCBuildConfiguration section */

/* Begin XCConfigurationList section */
		2843293117E20F3600213E2F /* Build configuration list for PBXProject "ParallaxDemo" */ = {
			isa = XCConfigurationList;
			buildConfigurations = (
				2843295717E20F3600213E2F /* Debug */,
				2843295817E20F3600213E2F /* Release */,
			);
			defaultConfigurationIsVisible = 0;
			defaultConfigurationName = Release;
		};
		2843295917E20F3600213E2F /* Build configuration list for PBXNativeTarget "ParallaxDemo" */ = {
			isa = XCConfigurationList;
			buildConfigurations = (
				2843295A17E20F3600213E2F /* Debug */,
				2843295B17E20F3600213E2F /* Release */,
			);
			defaultConfigurationIsVisible = 0;
			defaultConfigurationName = Release;
		};
/* End XCConfigurationList section */
	};
	rootObject = 2843292E17E20F3600213E2F /* Project object */;
}
